{
  "lockfile_version": "1",
  "packages": {
    "github:NixOS/nixpkgs/nixpkgs-unstable": {
      "last_modified": "2025-07-04T10:39:05Z",
      "resolved": "github:NixOS/nixpkgs/c860cf0b3a0829f0f6cf344ca8de83a2bbfab428?lastModified=1751625545&narHash=sha256-4E7wWftF1ExK5ZEDzj41%2B9mVgxtuRV3wWCId7QAYMAU%3D"
    },
    "google-cloud-sdk@latest": {
      "last_modified": "2025-06-20T02:24:11Z",
      "resolved": "github:NixOS/nixpkgs/076e8c6678d8c54204abcb4b1b14c366835a58bb#google-cloud-sdk",
      "source": "devbox-search",
      "version": "525.0.0",
      "systems": {
        "aarch64-darwin": {
          "outputs": [
            {
              "name": "out",
              "path": "/nix/store/yrshgll52qxyslgyxvn9fz9r01rfp6i4-google-cloud-sdk-525.0.0",
              "default": true
            }
          ],
          "store_path": "/nix/store/yrshgll52qxyslgyxvn9fz9r01rfp6i4-google-cloud-sdk-525.0.0"
        },
        "aarch64-linux": {
          "outputs": [
            {
              "name": "out",
              "path": "/nix/store/fi7sdrglgn2z9748by9abiyrggiadyfn-google-cloud-sdk-525.0.0",
              "default": true
            }
          ],
          "store_path": "/nix/store/fi7sdrglgn2z9748by9abiyrggiadyfn-google-cloud-sdk-525.0.0"
        },
        "x86_64-darwin": {
          "outputs": [
            {
              "name": "out",
              "path": "/nix/store/mvgmvavadnfzzha326npax8gwdagzkw2-google-cloud-sdk-525.0.0",
              "default": true
            }
          ],
          "store_path": "/nix/store/mvgmvavadnfzzha326npax8gwdagzkw2-google-cloud-sdk-525.0.0"
        },
        "x86_64-linux": {
          "outputs": [
            {
              "name": "out",
              "path": "/nix/store/bw78i2cb0lswldcbkpx1gcpan8zq2dq8-google-cloud-sdk-525.0.0",
              "default": true
            }
          ],
          "store_path": "/nix/store/bw78i2cb0lswldcbkpx1gcpan8zq2dq8-google-cloud-sdk-525.0.0"
        }
      }
    },
    "gum@latest": {
      "last_modified": "2025-06-24T02:18:21Z",
      "resolved": "github:NixOS/nixpkgs/69dfebb3d175bde602f612915c5576a41b18486b#gum",
      "source": "devbox-search",
      "version": "0.16.2",
      "systems": {
        "aarch64-darwin": {
          "outputs": [
            {
              "name": "out",
              "path": "/nix/store/z29nnflmjb1rsg32cqassh7cxc2xsdks-gum-0.16.2",
              "default": true
            }
          ],
          "store_path": "/nix/store/z29nnflmjb1rsg32cqassh7cxc2xsdks-gum-0.16.2"
        },
        "aarch64-linux": {
          "outputs": [
            {
              "name": "out",
              "path": "/nix/store/q9247cca68af4xsr5yim98nw91n41ff0-gum-0.16.2",
              "default": true
            }
          ],
          "store_path": "/nix/store/q9247cca68af4xsr5yim98nw91n41ff0-gum-0.16.2"
        },
        "x86_64-darwin": {
          "outputs": [
            {
              "name": "out",
              "path": "/nix/store/d3va9kzircmn7lb2ik2gc4nd1w17hmp4-gum-0.16.2",
              "default": true
            }
          ],
          "store_path": "/nix/store/d3va9kzircmn7lb2ik2gc4nd1w17hmp4-gum-0.16.2"
        },
        "x86_64-linux": {
          "outputs": [
            {
              "name": "out",
              "path": "/nix/store/3kmqn7xy8pch0ivksqgmfz2wzdjhpxzq-gum-0.16.2",
              "default": true
            }
          ],
          "store_path": "/nix/store/3kmqn7xy8pch0ivksqgmfz2wzdjhpxzq-gum-0.16.2"
        }
      }
    },
    "helm@latest": {
      "last_modified": "2025-06-20T02:24:11Z",
      "resolved": "github:NixOS/nixpkgs/076e8c6678d8c54204abcb4b1b14c366835a58bb#helm",
      "source": "devbox-search",
      "version": "0.9.0",
      "systems": {
        "aarch64-linux": {
          "outputs": [
            {
              "name": "out",
              "path": "/nix/store/9jfgll2yn2r0c0incapb7pj2qibh90ck-helm-0.9.0",
              "default": true
            }
          ],
          "store_path": "/nix/store/9jfgll2yn2r0c0incapb7pj2qibh90ck-helm-0.9.0"
        },
        "x86_64-linux": {
          "outputs": [
            {
              "name": "out",
              "path": "/nix/store/ns7sz3jc40pyhs0hiscpkhplaq9zpwz8-helm-0.9.0",
              "default": true
            }
          ],
          "store_path": "/nix/store/ns7sz3jc40pyhs0hiscpkhplaq9zpwz8-helm-0.9.0"
        }
      }
    },
    "jq@latest": {
      "last_modified": "2025-07-01T05:58:53Z",
      "resolved": "github:NixOS/nixpkgs/bdfd0f2afcf764e531d0960c821ab070a6174b15#jq",
      "source": "devbox-search",
      "version": "1.8.0",
      "systems": {
        "aarch64-darwin": {
          "outputs": [
            {
              "name": "bin",
              "path": "/nix/store/04gj0cpc6mv0pkyz114p23fq65zx8mbx-jq-1.8.0-bin",
              "default": true
            },
            {
              "name": "man",
              "path": "/nix/store/7zdrvbyc5pgq9by1wzpn0q28iqsd0lx7-jq-1.8.0-man",
              "default": true
            },
            {
              "name": "dev",
              "path": "/nix/store/glkhwajjprqny359z1awxll8vnsa66lf-jq-1.8.0-dev"
            },
            {
              "name": "doc",
              "path": "/nix/store/yygyqari7g4kz9j0yyyl2lq6v2bg3dw2-jq-1.8.0-doc"
            },
            {
              "name": "out",
              "path": "/nix/store/78wqqi0zdlrgadz3nmd909axh5182k7v-jq-1.8.0"
            }
          ],
          "store_path": "/nix/store/04gj0cpc6mv0pkyz114p23fq65zx8mbx-jq-1.8.0-bin"
        },
        "aarch64-linux": {
          "outputs": [
            {
              "name": "bin",
              "path": "/nix/store/k9mybm2b3yr0v9fsm8vi0319diai4flj-jq-1.8.0-bin",
              "default": true
            },
            {
              "name": "man",
              "path": "/nix/store/v8lgx3i8v7kjqzgs8x75v0ysrlylfhg1-jq-1.8.0-man",
              "default": true
            },
            {
              "name": "out",
              "path": "/nix/store/8p4cdklsb5kn1w4ycq9na07ja19j6d87-jq-1.8.0"
            },
            {
              "name": "dev",
              "path": "/nix/store/rzzhwmzryil6g7pl5i7jb4fs54nkkrm4-jq-1.8.0-dev"
            },
            {
              "name": "doc",
              "path": "/nix/store/xjcyd1pjjzja918407x5hvsa6sa3k4mj-jq-1.8.0-doc"
            }
          ],
          "store_path": "/nix/store/k9mybm2b3yr0v9fsm8vi0319diai4flj-jq-1.8.0-bin"
        },
        "x86_64-darwin": {
          "outputs": [
            {
              "name": "bin",
              "path": "/nix/store/4d5y298s33gi9vcvviq8xah06203395s-jq-1.8.0-bin",
              "default": true
            },
            {
              "name": "man",
              "path": "/nix/store/drgz0ky78p3c6raccn7xsb5m9f91ba3x-jq-1.8.0-man",
              "default": true
            },
            {
              "name": "dev",
              "path": "/nix/store/zsmngm14i76pv54z4n8sj7dcwy6x10kn-jq-1.8.0-dev"
            },
            {
              "name": "doc",
              "path": "/nix/store/0122gf5v7922213mkjp3vlij53fkqvir-jq-1.8.0-doc"
            },
            {
              "name": "out",
              "path": "/nix/store/akq414spg0yr5rdba7mbbvz8s945gmya-jq-1.8.0"
            }
          ],
          "store_path": "/nix/store/4d5y298s33gi9vcvviq8xah06203395s-jq-1.8.0-bin"
        },
        "x86_64-linux": {
          "outputs": [
            {
              "name": "bin",
              "path": "/nix/store/2n9hfcfqdszxgsmi4qyqq6rv947dwwg9-jq-1.8.0-bin",
              "default": true
            },
            {
              "name": "man",
              "path": "/nix/store/njrgxwqnifcyh3x0v18v83ig179zccx0-jq-1.8.0-man",
              "default": true
            },
            {
              "name": "out",
              "path": "/nix/store/qqx05qwhhmbrviw3iskgaigjxhczqhvx-jq-1.8.0"
            },
            {
              "name": "dev",
              "path": "/nix/store/dvy119mx8ab0yjxblaaippb2js6nbzkn-jq-1.8.0-dev"
            },
            {
              "name": "doc",
              "path": "/nix/store/5qly4lwxrq5r3x472g2w35rz50b54a6n-jq-1.8.0-doc"
            }
          ],
          "store_path": "/nix/store/2n9hfcfqdszxgsmi4qyqq6rv947dwwg9-jq-1.8.0-bin"
        }
      }
    },
    "kind@latest": {
      "last_modified": "2025-06-20T02:24:11Z",
      "resolved": "github:NixOS/nixpkgs/076e8c6678d8c54204abcb4b1b14c366835a58bb#kind",
      "source": "devbox-search",
      "version": "0.29.0",
      "systems": {
        "aarch64-darwin": {
          "outputs": [
            {
              "name": "out",
              "path": "/nix/store/ndl4z2y9nsn7n5ii7hs49ddg79p2pb6a-kind-0.29.0",
              "default": true
            }
          ],
          "store_path": "/nix/store/ndl4z2y9nsn7n5ii7hs49ddg79p2pb6a-kind-0.29.0"
        },
        "aarch64-linux": {
          "outputs": [
            {
              "name": "out",
              "path": "/nix/store/j9sdb4vkf9ck1kvfy8vvn17cq3a21s6a-kind-0.29.0",
              "default": true
            }
          ],
          "store_path": "/nix/store/j9sdb4vkf9ck1kvfy8vvn17cq3a21s6a-kind-0.29.0"
        },
        "x86_64-darwin": {
          "outputs": [
            {
              "name": "out",
              "path": "/nix/store/161h1s9n2260g2lr3dsjmfczv8gjx5q9-kind-0.29.0",
              "default": true
            }
          ],
          "store_path": "/nix/store/161h1s9n2260g2lr3dsjmfczv8gjx5q9-kind-0.29.0"
        },
        "x86_64-linux": {
          "outputs": [
            {
              "name": "out",
              "path": "/nix/store/swafyrx3qn2xjdz3sp7dy8pg7bxpfn3h-kind-0.29.0",
              "default": true
            }
          ],
          "store_path": "/nix/store/swafyrx3qn2xjdz3sp7dy8pg7bxpfn3h-kind-0.29.0"
        }
      }
    },
    "stow@latest": {
      "last_modified": "2025-06-20T02:24:11Z",
      "resolved": "github:NixOS/nixpkgs/076e8c6678d8c54204abcb4b1b14c366835a58bb#stow",
      "source": "devbox-search",
      "version": "2.4.1",
      "systems": {
        "aarch64-darwin": {
          "outputs": [
            {
              "name": "out",
              "path": "/nix/store/j6f277m6wxbca6ll0sw9m4jwrq1nrbj1-stow-2.4.1",
              "default": true
            }
          ],
          "store_path": "/nix/store/j6f277m6wxbca6ll0sw9m4jwrq1nrbj1-stow-2.4.1"
        },
        "aarch64-linux": {
          "outputs": [
            {
              "name": "out",
              "path": "/nix/store/cfyj33n9xcr9i3ccgn33dcq05dyyv4i2-stow-2.4.1",
              "default": true
            }
          ],
          "store_path": "/nix/store/cfyj33n9xcr9i3ccgn33dcq05dyyv4i2-stow-2.4.1"
        },
        "x86_64-darwin": {
          "outputs": [
            {
              "name": "out",
              "path": "/nix/store/grq74d37c412ads6f8gzppk3sv4gmapa-stow-2.4.1",
              "default": true
            }
          ],
          "store_path": "/nix/store/grq74d37c412ads6f8gzppk3sv4gmapa-stow-2.4.1"
        },
        "x86_64-linux": {
          "outputs": [
            {
              "name": "out",
              "path": "/nix/store/k0ashj0sqch2ih0z5impc67kwa05qg3g-stow-2.4.1",
              "default": true
            }
          ],
          "store_path": "/nix/store/k0ashj0sqch2ih0z5impc67kwa05qg3g-stow-2.4.1"
        }
      }
    },
    "teller@latest": {
      "last_modified": "2025-06-20T02:24:11Z",
      "resolved": "github:NixOS/nixpkgs/076e8c6678d8c54204abcb4b1b14c366835a58bb#teller",
      "source": "devbox-search",
      "version": "2.0.7",
      "systems": {
        "aarch64-darwin": {
          "outputs": [
            {
              "name": "out",
              "path": "/nix/store/7ri6fgskrzxxkzvxrqiarbica997zzlp-teller-2.0.7",
              "default": true
            }
          ],
          "store_path": "/nix/store/7ri6fgskrzxxkzvxrqiarbica997zzlp-teller-2.0.7"
        },
        "aarch64-linux": {
          "outputs": [
            {
              "name": "out",
              "path": "/nix/store/rzakhwmvhxf62aarw25281qrzpkvjqvw-teller-2.0.7",
              "default": true
            }
          ],
          "store_path": "/nix/store/rzakhwmvhxf62aarw25281qrzpkvjqvw-teller-2.0.7"
        },
        "x86_64-darwin": {
          "outputs": [
            {
              "name": "out",
              "path": "/nix/store/7n5i7rd8fdiv4kbfnbj44q6fc7m4sqic-teller-2.0.7",
              "default": true
            }
          ],
          "store_path": "/nix/store/7n5i7rd8fdiv4kbfnbj44q6fc7m4sqic-teller-2.0.7"
        },
        "x86_64-linux": {
          "outputs": [
            {
              "name": "out",
              "path": "/nix/store/25pl4iwnnv16dbdb6yir78p9ahjfj987-teller-2.0.7",
              "default": true
            }
          ],
          "store_path": "/nix/store/25pl4iwnnv16dbdb6yir78p9ahjfj987-teller-2.0.7"
        }
      }
    },
    "yq-go@latest": {
      "last_modified": "2025-06-20T02:24:11Z",
      "resolved": "github:NixOS/nixpkgs/076e8c6678d8c54204abcb4b1b14c366835a58bb#yq-go",
      "source": "devbox-search",
      "version": "4.45.4",
      "systems": {
        "aarch64-darwin": {
          "outputs": [
            {
              "name": "out",
              "path": "/nix/store/kqya5knldcrikbrz40pnmknfs3gjkg9w-yq-go-4.45.4",
              "default": true
            }
          ],
          "store_path": "/nix/store/kqya5knldcrikbrz40pnmknfs3gjkg9w-yq-go-4.45.4"
        },
        "aarch64-linux": {
          "outputs": [
            {
              "name": "out",
              "path": "/nix/store/1hmg1i2wmaxfc86wqrb9qsy076a7943j-yq-go-4.45.4",
              "default": true
            }
          ],
          "store_path": "/nix/store/1hmg1i2wmaxfc86wqrb9qsy076a7943j-yq-go-4.45.4"
        },
        "x86_64-darwin": {
          "outputs": [
            {
              "name": "out",
              "path": "/nix/store/icffhhgy7by7fs7crc1wacy035s0lgk7-yq-go-4.45.4",
              "default": true
            }
          ],
          "store_path": "/nix/store/icffhhgy7by7fs7crc1wacy035s0lgk7-yq-go-4.45.4"
        },
        "x86_64-linux": {
          "outputs": [
            {
              "name": "out",
              "path": "/nix/store/hylqws7j7m14xmkalgfxh4y87bvppmfw-yq-go-4.45.4",
              "default": true
            }
          ],
          "store_path": "/nix/store/hylqws7j7m14xmkalgfxh4y87bvppmfw-yq-go-4.45.4"
        }
      }
    }
  }
}
